{
  "name": "diablo-immortal-bot",
  "version": "1.0.0",
  "lockfileVersion": 1,
  "requires": true,
  "dependencies": {
    "chroma-js": {
      "version": "2.4.2",
      "resolved": "https://registry.npmjs.org/chroma-js/-/chroma-js-2.4.2.tgz",
      "integrity": "sha512-U9eDw6+wt7V8z5NncY2jJfZa+hUH8XEj8FQHgFJTrUFnJfXYf4Ml4adI2vXZOjqRDpFWtYVWypDfZwnJ+HIR4A=="
    },
    "esm": {
      "version": "3.2.25",
      "resolved": "https://registry.npmjs.org/esm/-/esm-3.2.25.tgz",
      "integrity": "sha512-U1suiZ2oDVWv4zPO56S0NcR5QriEahGtdN2OR6FiOG4WJvcjBVFB0qI4+eKoWFH483PKGuLuu6V8Z4T5g63UVA=="
    },
    "js-vextensions": {
      "version": "1.0.70",
      "resolved": "https://registry.npmjs.org/js-vextensions/-/js-vextensions-1.0.70.tgz",
      "integrity": "sha512-ROOpNhHdan2DA4TN7t0KjPOQV6TNHbWlbjKAlktspjuuqhT/Sh4PdnNrGMvChmIGSW369vheGbRLe7etH+0vZw=="
    },
    "windows-ffi": {
      "version": "0.0.4",
      "resolved": "https://registry.npmjs.org/windows-ffi/-/windows-ffi-0.0.4.tgz",
      "integrity": "sha512-8Iwn7jcEaVkVRaFUp40DSBbtigmqLHzzt1yHEosGpwstkfmnHGSBS0cCB2rJWpAKX0TWm/ik6bGvHNVXSZDOtA==",
      "requires": {
        "chroma-js": "^2.1.2",
        "js-vextensions": "^1.0.65"
      }
    }
  }
}
